
Microsoft Visual Studio Solution File, Format Version 12.00
# Visual Studio Version 17
VisualStudioVersion = 17.9.34607.119
MinimumVisualStudioVersion = 10.0.40219.1
Project("{FAE04EC0-301F-11D3-BF4B-00C04F79EFBC}") = "ProjectAssessmentDB", "ProjectAssessmentDB\ProjectAssessmentDB.csproj", "{BD1CEB4B-E46A-4DA2-AE7F-E6337644BD0E}"
EndProject
Global
	GlobalSection(SolutionConfigurationPlatforms) = preSolution
		Debug|Any CPU = Debug|Any CPU
		Release|Any CPU = Release|Any CPU
	EndGlobalSection
	GlobalSection(ProjectConfigurationPlatforms) = postSolution
		{BD1CEB4B-E46A-4DA2-AE7F-E6337644BD0E}.Debug|Any CPU.ActiveCfg = Debug|Any CPU
		{BD1CEB4B-E46A-4DA2-AE7F-E6337644BD0E}.Debug|Any CPU.Build.0 = Debug|Any CPU
		{BD1CEB4B-E46A-4DA2-AE7F-E6337644BD0E}.Release|Any CPU.ActiveCfg = Release|Any CPU
		{BD1CEB4B-E46A-4DA2-AE7F-E6337644BD0E}.Release|Any CPU.Build.0 = Release|Any CPU
	EndGlobalSection
	GlobalSection(SolutionProperties) = preSolution
		HideSolutionNode = FALSE
	EndGlobalSection
	GlobalSection(ExtensibilityGlobals) = postSolution
		SolutionGuid = {566C73CA-79D5-4E12-AB85-10FB500F2143}
	EndGlobalSection
EndGlobal
